
Microsoft Visual Studio Solution File, Format Version 12.00
# Visual Studio Version 16
VisualStudioVersion = 16.0.30204.135
MinimumVisualStudioVersion = 10.0.40219.1
Project("{8BC9CEB8-8B4A-11D0-8D11-00A0C91BC942}") = "Assignment1.2", "Assignment1.2\Assignment1.2.vcxproj", "{7392FCB3-E412-4DBF-8A0D-C1CA2332C72D}"
EndProject
Global
	GlobalSection(SolutionConfigurationPlatforms) = preSolution
		Debug|x64 = Debug|x64
		Debug|x86 = Debug|x86
		Release|x64 = Release|x64
		Release|x86 = Release|x86
	EndGlobalSection
	GlobalSection(ProjectConfigurationPlatforms) = postSolution
		{7392FCB3-E412-4DBF-8A0D-C1CA2332C72D}.Debug|x64.ActiveCfg = Debug|x64
		{7392FCB3-E412-4DBF-8A0D-C1CA2332C72D}.Debug|x64.Build.0 = Debug|x64
		{7392FCB3-E412-4DBF-8A0D-C1CA2332C72D}.Debug|x86.ActiveCfg = Debug|Win32
		{7392FCB3-E412-4DBF-8A0D-C1CA2332C72D}.Debug|x86.Build.0 = Debug|Win32
		{7392FCB3-E412-4DBF-8A0D-C1CA2332C72D}.Release|x64.ActiveCfg = Release|x64
		{7392FCB3-E412-4DBF-8A0D-C1CA2332C72D}.Release|x64.Build.0 = Release|x64
		{7392FCB3-E412-4DBF-8A0D-C1CA2332C72D}.Release|x86.ActiveCfg = Release|Win32
		{7392FCB3-E412-4DBF-8A0D-C1CA2332C72D}.Release|x86.Build.0 = Release|Win32
	EndGlobalSection
	GlobalSection(SolutionProperties) = preSolution
		HideSolutionNode = FALSE
	EndGlobalSection
	GlobalSection(ExtensibilityGlobals) = postSolution
		SolutionGuid = {9C36044E-22A9-48CE-896D-D9BEAE556DF2}
	EndGlobalSection
EndGlobal
